
Microsoft Visual Studio Solution File, Format Version 12.00
# Visual Studio Version 17
VisualStudioVersion = 17.11.35208.52
MinimumVisualStudioVersion = 10.0.40219.1
Project("{9A19103F-16F7-4668-BE54-9A1E7A4F7556}") = "WinFormsMSMQClient", "WinFormsMSMQClient\WinFormsMSMQClient.csproj", "{10C9A56E-E4C2-4BD2-A909-5CB0D62896B3}"
EndProject
Project("{FAE04EC0-301F-11D3-BF4B-00C04F79EFBC}") = "MsmqDll", "MsmqDll\MsmqDll.csproj", "{9769B23C-1486-41C2-9B65-F345DFAD02DC}"
EndProject
Global
	GlobalSection(SolutionConfigurationPlatforms) = preSolution
		Debug|Any CPU = Debug|Any CPU
		Release|Any CPU = Release|Any CPU
	EndGlobalSection
	GlobalSection(ProjectConfigurationPlatforms) = postSolution
		{10C9A56E-E4C2-4BD2-A909-5CB0D62896B3}.Debug|Any CPU.ActiveCfg = Debug|Any CPU
		{10C9A56E-E4C2-4BD2-A909-5CB0D62896B3}.Debug|Any CPU.Build.0 = Debug|Any CPU
		{10C9A56E-E4C2-4BD2-A909-5CB0D62896B3}.Release|Any CPU.ActiveCfg = Release|Any CPU
		{10C9A56E-E4C2-4BD2-A909-5CB0D62896B3}.Release|Any CPU.Build.0 = Release|Any CPU
		{9769B23C-1486-41C2-9B65-F345DFAD02DC}.Debug|Any CPU.ActiveCfg = Debug|Any CPU
		{9769B23C-1486-41C2-9B65-F345DFAD02DC}.Debug|Any CPU.Build.0 = Debug|Any CPU
		{9769B23C-1486-41C2-9B65-F345DFAD02DC}.Release|Any CPU.ActiveCfg = Release|Any CPU
		{9769B23C-1486-41C2-9B65-F345DFAD02DC}.Release|Any CPU.Build.0 = Release|Any CPU
	EndGlobalSection
	GlobalSection(SolutionProperties) = preSolution
		HideSolutionNode = FALSE
	EndGlobalSection
	GlobalSection(ExtensibilityGlobals) = postSolution
		SolutionGuid = {48A097E8-3FDB-4793-9C1C-5531FFA12756}
	EndGlobalSection
EndGlobal
